# Fully pinned validation environment for CPython 3.12.
# Direct requirements are declared in requirements.in; transitive requirements are pinned here too.
# Install with: python -m pip install --no-deps -r requirements.lock
attrs==26.1.0
jsonschema==4.26.0
jsonschema-specifications==2025.9.1
PyYAML==6.0.3
referencing==0.37.0
rpds-py==2026.6.3
typing-extensions==4.16.0
